
Microsoft Visual Studio Solution File, Format Version 12.00
# Visual Studio 15
VisualStudioVersion = 15.0.28307.168
MinimumVisualStudioVersion = 10.0.40219.1
Project("{FAE04EC0-301F-11D3-BF4B-00C04F79EFBC}") = "App3", "App3\App3.csproj", "{052EA7F3-7200-48EB-B8A3-6D5C0003C62B}"
EndProject
Global
	GlobalSection(SolutionConfigurationPlatforms) = preSolution
		Debug|Any CPU = Debug|Any CPU
		Release|Any CPU = Release|Any CPU
	EndGlobalSection
	GlobalSection(ProjectConfigurationPlatforms) = postSolution
		{052EA7F3-7200-48EB-B8A3-6D5C0003C62B}.Debug|Any CPU.ActiveCfg = Debug|Any CPU
		{052EA7F3-7200-48EB-B8A3-6D5C0003C62B}.Debug|Any CPU.Build.0 = Debug|Any CPU
		{052EA7F3-7200-48EB-B8A3-6D5C0003C62B}.Release|Any CPU.ActiveCfg = Release|Any CPU
		{052EA7F3-7200-48EB-B8A3-6D5C0003C62B}.Release|Any CPU.Build.0 = Release|Any CPU
	EndGlobalSection
	GlobalSection(SolutionProperties) = preSolution
		HideSolutionNode = FALSE
	EndGlobalSection
	GlobalSection(ExtensibilityGlobals) = postSolution
		SolutionGuid = {D13E0523-4E90-4113-9065-E55131CA5629}
	EndGlobalSection
EndGlobal
