
Microsoft Visual Studio Solution File, Format Version 12.00
# Visual Studio 15
VisualStudioVersion = 15.0.28307.168
MinimumVisualStudioVersion = 10.0.40219.1
Project("{FAE04EC0-301F-11D3-BF4B-00C04F79EFBC}") = "ConsoleApp1", "ConsoleApp1\ConsoleApp1.csproj", "{1E5ED859-8DE0-4FA0-A0C0-5B541310D7BE}"
EndProject
Global
	GlobalSection(SolutionConfigurationPlatforms) = preSolution
		Debug|Any CPU = Debug|Any CPU
		Release|Any CPU = Release|Any CPU
	EndGlobalSection
	GlobalSection(ProjectConfigurationPlatforms) = postSolution
		{1E5ED859-8DE0-4FA0-A0C0-5B541310D7BE}.Debug|Any CPU.ActiveCfg = Debug|Any CPU
		{1E5ED859-8DE0-4FA0-A0C0-5B541310D7BE}.Debug|Any CPU.Build.0 = Debug|Any CPU
		{1E5ED859-8DE0-4FA0-A0C0-5B541310D7BE}.Release|Any CPU.ActiveCfg = Release|Any CPU
		{1E5ED859-8DE0-4FA0-A0C0-5B541310D7BE}.Release|Any CPU.Build.0 = Release|Any CPU
	EndGlobalSection
	GlobalSection(SolutionProperties) = preSolution
		HideSolutionNode = FALSE
	EndGlobalSection
	GlobalSection(ExtensibilityGlobals) = postSolution
		SolutionGuid = {BD776823-EF8B-426A-BAC1-F1266AEF8E3C}
	EndGlobalSection
EndGlobal
